
Microsoft Visual Studio Solution File, Format Version 12.00
# Visual Studio 15
VisualStudioVersion = 15.0.28010.2003
MinimumVisualStudioVersion = 10.0.40219.1
Project("{FAE04EC0-301F-11D3-BF4B-00C04F79EFBC}") = "Calculux", "Calculux\Calculux.csproj", "{6326039C-2F63-4955-9C4B-DAAF6EF063EF}"
EndProject
Global
	GlobalSection(SolutionConfigurationPlatforms) = preSolution
		Debug|Any CPU = Debug|Any CPU
		Release|Any CPU = Release|Any CPU
	EndGlobalSection
	GlobalSection(ProjectConfigurationPlatforms) = postSolution
		{6326039C-2F63-4955-9C4B-DAAF6EF063EF}.Debug|Any CPU.ActiveCfg = Debug|Any CPU
		{6326039C-2F63-4955-9C4B-DAAF6EF063EF}.Debug|Any CPU.Build.0 = Debug|Any CPU
		{6326039C-2F63-4955-9C4B-DAAF6EF063EF}.Release|Any CPU.ActiveCfg = Release|Any CPU
		{6326039C-2F63-4955-9C4B-DAAF6EF063EF}.Release|Any CPU.Build.0 = Release|Any CPU
	EndGlobalSection
	GlobalSection(SolutionProperties) = preSolution
		HideSolutionNode = FALSE
	EndGlobalSection
	GlobalSection(ExtensibilityGlobals) = postSolution
		SolutionGuid = {6C084333-F1F0-4761-9019-E461E26DE385}
	EndGlobalSection
EndGlobal
